# This file is automatically @generated by Cargo.
# It is not intended for manual editing.
version = 4

[[package]]
name = "pi-agent"
version = "0.1.0"
dependencies = [
 "pi-ai",
 "pi-types",
]

[[package]]
name = "pi-ai"
version = "0.1.0"
dependencies = [
 "pi-types",
]

[[package]]
name = "pi-cli"
version = "0.1.0"
dependencies = [
 "pi-agent",
 "pi-config",
]

[[package]]
name = "pi-config"
version = "0.1.0"

[[package]]
name = "pi-session"
version = "0.1.0"
dependencies = [
 "pi-types",
]

[[package]]
name = "pi-tools"
version = "0.1.0"
dependencies = [
 "pi-types",
]

[[package]]
name = "pi-types"
version = "0.1.0"
